Microsoft Visual Studio Solution File, Format Version 12.00
# Visual Studio Version 17
VisualStudioVersion = 17.5.2.0
MinimumVisualStudioVersion = 10.0.40219.1
Project("{FAE04EC0-301F-11D3-BF4B-00C04F79EFBC}") = "twinBIM", "twinBIM.csproj", "{2CC31F22-21BE-F548-7EF0-67A2C3A65A0F}"
EndProject
Global
	GlobalSection(SolutionConfigurationPlatforms) = preSolution
		Debug|Any CPU = Debug|Any CPU
		Release|Any CPU = Release|Any CPU
	EndGlobalSection
	GlobalSection(ProjectConfigurationPlatforms) = postSolution
		{2CC31F22-21BE-F548-7EF0-67A2C3A65A0F}.Debug|Any CPU.ActiveCfg = Debug|Any CPU
		{2CC31F22-21BE-F548-7EF0-67A2C3A65A0F}.Debug|Any CPU.Build.0 = Debug|Any CPU
		{2CC31F22-21BE-F548-7EF0-67A2C3A65A0F}.Release|Any CPU.ActiveCfg = Release|Any CPU
		{2CC31F22-21BE-F548-7EF0-67A2C3A65A0F}.Release|Any CPU.Build.0 = Release|Any CPU
	EndGlobalSection
	GlobalSection(SolutionProperties) = preSolution
		HideSolutionNode = FALSE
	EndGlobalSection
	GlobalSection(ExtensibilityGlobals) = postSolution
		SolutionGuid = {3DAC1071-7433-42C3-A7F4-4C14C09EBCAF}
	EndGlobalSection
EndGlobal
